// !$*UTF8*$!
{
	archiveVersion = 1;
	classes = {
	};
	objectVersion = 77;
	objects = {

/* Begin PBXContainerItemProxy section */
		1CA75D3D2EA6D3A500264ED0 /* PBXContainerItemProxy */ = {
			isa = PBXContainerItemProxy;
			containerPortal = 1CA75D212EA6D3A400264ED0 /* Project object */;
			proxyType = 1;
			remoteGlobalIDString = 1CA75D282EA6D3A400264ED0;
			remoteInfo = "learnit-deck";
		};
		1CA75D472EA6D3A500264ED0 /* PBXContainerItemProxy */ = {
			isa = PBXContainerItemProxy;
			containerPortal = 1CA75D212EA6D3A400264ED0 /* Project object */;
			proxyType = 1;
			remoteGlobalIDString = 1CA75D282EA6D3A400264ED0;
			remoteInfo = "learnit-deck";
		};
/* End PBXContainerItemProxy section */

/* Begin PBXFileReference section */
		1CA75D292EA6D3A400264ED0 /* learnit-deck.app */ = {isa = PBXFileReference; explicitFileType = wrapper.application; includeInIndex = 0; path = "learnit-deck.app"; sourceTree = BUILT_PRODUCTS_DIR; };
		1CA75D3C2EA6D3A500264ED0 /* learnit-deckTests.xctest */ = {isa = PBXFileReference; explicitFileType = wrapper.cfbundle; includeInIndex = 0; path = "learnit-deckTests.xctest"; sourceTree = BUILT_PRODUCTS_DIR; };
		1CA75D462EA6D3A500264ED0 /* learnit-deckUITests.xctest */ = {isa = PBXFileReference; explicitFileType = wrapper.cfbundle; includeInIndex = 0; path = "learnit-deckUITests.xctest"; sourceTree = BUILT_PRODUCTS_DIR; };
/* End PBXFileReference section */

/* Begin PBXFileSystemSynchronizedRootGroup section */
		1CA75D2B2EA6D3A400264ED0 /* learnit-deck */ = {
			isa = PBXFileSystemSynchronizedRootGroup;
			path = "learnit-deck";
			sourceTree = "<group>";
		};
		1CA75D3F2EA6D3A500264ED0 /* learnit-deckTests */ = {
			isa = PBXFileSystemSynchronizedRootGroup;
			path = "learnit-deckTests";
			sourceTree = "<group>";
		};
		1CA75D492EA6D3A500264ED0 /* learnit-deckUITests */ = {
			isa = PBXFileSystemSynchronizedRootGroup;
			path = "learnit-deckUITests";
			sourceTree = "<group>";
		};
/* End PBXFileSystemSynchronizedRootGroup section */

/* Begin PBXFrameworksBuildPhase section */
		1CA75D262EA6D3A400264ED0 /* Frameworks */ = {
			isa = PBXFrameworksBuildPhase;
			buildActionMask = 2147483647;
			files = (
			);
			runOnlyForDeploymentPostprocessing = 0;
		};
		1CA75D392EA6D3A500264ED0 /* Frameworks */ = {
			isa = PBXFrameworksBuildPhase;
			buildActionMask = 2147483647;
			files = (
			);
			runOnlyForDeploymentPostprocessing = 0;
		};
		1CA75D432EA6D3A500264ED0 /* Frameworks */ = {
			isa = PBXFrameworksBuildPhase;
			buildActionMask = 2147483647;
			files = (
			);
			runOnlyForDeploymentPostprocessing = 0;
		};
/* End PBXFrameworksBuildPhase section */

/* Begin PBXGroup section */
		1CA75D202EA6D3A400264ED0 = {
			isa = PBXGroup;
			children = (
				1CA75D2B2EA6D3A400264ED0 /* learnit-deck */,
				1CA75D3F2EA6D3A500264ED0 /* learnit-deckTests */,
				1CA75D492EA6D3A500264ED0 /* learnit-deckUITests */,
				1CA75D2A2EA6D3A400264ED0 /* Products */,
			);
			sourceTree = "<group>";
		};
		1CA75D2A2EA6D3A400264ED0 /* Products */ = {
			isa = PBXGroup;
			children = (
				1CA75D292EA6D3A400264ED0 /* learnit-deck.app */,
				1CA75D3C2EA6D3A500264ED0 /* learnit-deckTests.xctest */,
				1CA75D462EA6D3A500264ED0 /* learnit-deckUITests.xctest */,
			);
			name = Products;
			sourceTree = "<group>";
		};
/* End PBXGroup section */

/* Begin PBXNativeTarget section */
		1CA75D282EA6D3A400264ED0 /* learnit-deck */ = {
			isa = PBXNativeTarget;
			buildConfigurationList = 1CA75D502EA6D3A500264ED0 /* Build configuration list for PBXNativeTarget "learnit-deck" */;
			buildPhases = (
				1CA75D252EA6D3A400264ED0 /* Sources */,
				1CA75D262EA6D3A400264ED0 /* Frameworks */,
				1CA75D272EA6D3A400264ED0 /* Resources */,
			);
			buildRules = (
			);
			dependencies = (
			);
			fileSystemSynchronizedGroups = (
				1CA75D2B2EA6D3A400264ED0 /* learnit-deck */,
			);
			name = "learnit-deck";
			packageProductDependencies = (
			);
			productName = "learnit-deck";
			productReference = 1CA75D292EA6D3A400264ED0 /* learnit-deck.app */;
			productType = "com.apple.product-type.application";
		};
		1CA75D3B2EA6D3A500264ED0 /* learnit-deckTests */ = {
			isa = PBXNativeTarget;
			buildConfigurationList = 1CA75D532EA6D3A500264ED0 /* Build configuration list for PBXNativeTarget "learnit-deckTests" */;
			buildPhases = (
				1CA75D382EA6D3A500264ED0 /* Sources */,
				1CA75D392EA6D3A500264ED0 /* Frameworks */,
				1CA75D3A2EA6D3A500264ED0 /* Resources */,
			);
			buildRules = (
			);
			dependencies = (
				1CA75D3E2EA6D3A500264ED0 /* PBXTargetDependency */,
			);
			fileSystemSynchronizedGroups = (
				1CA75D3F2EA6D3A500264ED0 /* learnit-deckTests */,
			);
			name = "learnit-deckTests";
			packageProductDependencies = (
			);
			productName = "learnit-deckTests";
			productReference = 1CA75D3C2EA6D3A500264ED0 /* learnit-deckTests.xctest */;
			productType = "com.apple.product-type.bundle.unit-test";
		};
		1CA75D452EA6D3A500264ED0 /* learnit-deckUITests */ = {
			isa = PBXNativeTarget;
			buildConfigurationList = 1CA75D562EA6D3A500264ED0 /* Build configuration list for PBXNativeTarget "learnit-deckUITests" */;
			buildPhases = (
				1CA75D422EA6D3A500264ED0 /* Sources */,
				1CA75D432EA6D3A500264ED0 /* Frameworks */,
				1CA75D442EA6D3A500264ED0 /* Resources */,
			);
			buildRules = (
			);
			dependencies = (
				1CA75D482EA6D3A500264ED0 /* PBXTargetDependency */,
			);
			fileSystemSynchronizedGroups = (
				1CA75D492EA6D3A500264ED0 /* learnit-deckUITests */,
			);
			name = "learnit-deckUITests";
			packageProductDependencies = (
			);
			productName = "learnit-deckUITests";
			productReference = 1CA75D462EA6D3A500264ED0 /* learnit-deckUITests.xctest */;
			productType = "com.apple.product-type.bundle.ui-testing";
		};
/* End PBXNativeTarget section */

/* Begin PBXProject section */
		1CA75D212EA6D3A400264ED0 /* Project object */ = {
			isa = PBXProject;
			attributes = {
				BuildIndependentTargetsInParallel = 1;
				LastSwiftUpdateCheck = 1620;
				LastUpgradeCheck = 1620;
				TargetAttributes = {
					1CA75D282EA6D3A400264ED0 = {
						CreatedOnToolsVersion = 16.2;
					};
					1CA75D3B2EA6D3A500264ED0 = {
						CreatedOnToolsVersion = 16.2;
						TestTargetID = 1CA75D282EA6D3A400264ED0;
					};
					1CA75D452EA6D3A500264ED0 = {
						CreatedOnToolsVersion = 16.2;
						TestTargetID = 1CA75D282EA6D3A400264ED0;
					};
				};
			};
			buildConfigurationList = 1CA75D242EA6D3A400264ED0 /* Build configuration list for PBXProject "learnit-deck" */;
			developmentRegion = en;
			hasScannedForEncodings = 0;
			knownRegions = (
				en,
				Base,
			);
			mainGroup = 1CA75D202EA6D3A400264ED0;
			minimizedProjectReferenceProxies = 1;
			preferredProjectObjectVersion = 77;
			productRefGroup = 1CA75D2A2EA6D3A400264ED0 /* Products */;
			projectDirPath = "";
			projectRoot = "";
			targets = (
				1CA75D282EA6D3A400264ED0 /* learnit-deck */,
				1CA75D3B2EA6D3A500264ED0 /* learnit-deckTests */,
				1CA75D452EA6D3A500264ED0 /* learnit-deckUITests */,
			);
		};
/* End PBXProject section */

/* Begin PBXResourcesBuildPhase section */
		1CA75D272EA6D3A400264ED0 /* Resources */ = {
			isa = PBXResourcesBuildPhase;
			buildActionMask = 2147483647;
			files = (
			);
			runOnlyForDeploymentPostprocessing = 0;
		};
		1CA75D3A2EA6D3A500264ED0 /* Resources */ = {
			isa = PBXResourcesBuildPhase;
			buildActionMask = 2147483647;
			files = (
			);
			runOnlyForDeploymentPostprocessing = 0;
		};
		1CA75D442EA6D3A500264ED0 /* Resources */ = {
			isa = PBXResourcesBuildPhase;
			buildActionMask = 2147483647;
			files = (
			);
			runOnlyForDeploymentPostprocessing = 0;
		};
/* End PBXResourcesBuildPhase section */

/* Begin PBXSourcesBuildPhase section */
		1CA75D252EA6D3A400264ED0 /* Sources */ = {
			isa = PBXSourcesBuildPhase;
			buildActionMask = 2147483647;
			files = (
			);
			runOnlyForDeploymentPostprocessing = 0;
		};
		1CA75D382EA6D3A500264ED0 /* Sources */ = {
			isa = PBXSourcesBuildPhase;
			buildActionMask = 2147483647;
			files = (
			);
			runOnlyForDeploymentPostprocessing = 0;
		};
		1CA75D422EA6D3A500264ED0 /* Sources */ = {
			isa = PBXSourcesBuildPhase;
			buildActionMask = 2147483647;
			files = (
			);
			runOnlyForDeploymentPostprocessing = 0;
		};
/* End PBXSourcesBuildPhase section */

/* Begin PBXTargetDependency section */
		1CA75D3E2EA6D3A500264ED0 /* PBXTargetDependency */ = {
			isa = PBXTargetDependency;
			target = 1CA75D282EA6D3A400264ED0 /* learnit-deck */;
			targetProxy = 1CA75D3D2EA6D3A500264ED0 /* PBXContainerItemProxy */;
		};
		1CA75D482EA6D3A500264ED0 /* PBXTargetDependency */ = {
			isa = PBXTargetDependency;
			target = 1CA75D282EA6D3A400264ED0 /* learnit-deck */;
			targetProxy = 1CA75D472EA6D3A500264ED0 /* PBXContainerItemProxy */;
		};
/* End PBXTargetDependency section */

/* Begin XCBuildConfiguration section */
		1CA75D4E2EA6D3A500264ED0 /* Debug */ = {
			isa = XCBuildConfiguration;
			buildSettings = {
				ALWAYS_SEARCH_USER_PATHS = NO;
				ASSETCATALOG_COMPILER_GENERATE_SWIFT_ASSET_SYMBOL_EXTENSIONS = YES;
				CLANG_ANALYZER_NONNULL = YES;
				CLANG_ANALYZER_NUMBER_OBJECT_CONVERSION = YES_AGGRESSIVE;
				CLANG_CXX_LANGUAGE_STANDARD = "gnu++20";
				CLANG_ENABLE_MODULES = YES;
				CLANG_ENABLE_OBJC_ARC = YES;
				CLANG_ENABLE_OBJC_WEAK = YES;
				CLANG_WARN_BLOCK_CAPTURE_AUTORELEASING = YES;
				CLANG_WARN_BOOL_CONVERSION = YES;
				CLANG_WARN_COMMA = YES;
				CLANG_WARN_CONSTANT_CONVERSION = YES;
				CLANG_WARN_DEPRECATED_OBJC_IMPLEMENTATIONS = YES;
				CLANG_WARN_DIRECT_OBJC_ISA_USAGE = YES_ERROR;
				CLANG_WARN_DOCUMENTATION_COMMENTS = YES;
				CLANG_WARN_EMPTY_BODY = YES;
				CLANG_WARN_ENUM_CONVERSION = YES;
				CLANG_WARN_INFINITE_RECURSION = YES;
				CLANG_WARN_INT_CONVERSION = YES;
				CLANG_WARN_NON_LITERAL_NULL_CONVERSION = YES;
				CLANG_WARN_OBJC_IMPLICIT_RETAIN_SELF = YES;
				CLANG_WARN_OBJC_LITERAL_CONVERSION = YES;
				CLANG_WARN_OBJC_ROOT_CLASS = YES_ERROR;
				CLANG_WARN_QUOTED_INCLUDE_IN_FRAMEWORK_HEADER = YES;
				CLANG_WARN_RANGE_LOOP_ANALYSIS = YES;
				CLANG_WARN_STRICT_PROTOTYPES = YES;
				CLANG_WARN_SUSPICIOUS_MOVE = YES;
				CLANG_WARN_UNGUARDED_AVAILABILITY = YES_AGGRESSIVE;
				CLANG_WARN_UNREACHABLE_CODE = YES;
				CLANG_WARN__DUPLICATE_METHOD_MATCH = YES;
				COPY_PHASE_STRIP = NO;
				DEBUG_INFORMATION_FORMAT = dwarf;
				ENABLE_STRICT_OBJC_MSGSEND = YES;
				ENABLE_TESTABILITY = YES;
				ENABLE_USER_SCRIPT_SANDBOXING = YES;
				GCC_C_LANGUAGE_STANDARD = gnu17;
				GCC_DYNAMIC_NO_PIC = NO;
				GCC_NO_COMMON_BLOCKS = YES;
				GCC_OPTIMIZATION_LEVEL = 0;
				GCC_PREPROCESSOR_DEFINITIONS = (
					"DEBUG=1",
					"$(inherited)",
				);
				GCC_WARN_64_TO_32_BIT_CONVERSION = YES;
				GCC_WARN_ABOUT_RETURN_TYPE = YES_ERROR;
				GCC_WARN_UNDECLARED_SELECTOR = YES;
				GCC_WARN_UNINITIALIZED_AUTOS = YES_AGGRESSIVE;
				GCC_WARN_UNUSED_FUNCTION = YES;
				GCC_WARN_UNUSED_VARIABLE = YES;
				LOCALIZATION_PREFERS_STRING_CATALOGS = YES;
				MACOSX_DEPLOYMENT_TARGET = 15.2;
				MTL_ENABLE_DEBUG_INFO = INCLUDE_SOURCE;
				MTL_FAST_MATH = YES;
				ONLY_ACTIVE_ARCH = YES;
				SDKROOT = macosx;
				SWIFT_ACTIVE_COMPILATION_CONDITIONS = "DEBUG $(inherited)";
				SWIFT_OPTIMIZATION_LEVEL = "-Onone";
			};
			name = Debug;
		};
		1CA75D4F2EA6D3A500264ED0 /* Release */ = {
			isa = XCBuildConfiguration;
			buildSettings = {
				ALWAYS_SEARCH_USER_PATHS = NO;
				ASSETCATALOG_COMPILER_GENERATE_SWIFT_ASSET_SYMBOL_EXTENSIONS = YES;
				CLANG_ANALYZER_NONNULL = YES;
				CLANG_ANALYZER_NUMBER_OBJECT_CONVERSION = YES_AGGRESSIVE;
				CLANG_CXX_LANGUAGE_STANDARD = "gnu++20";
				CLANG_ENABLE_MODULES = YES;
				CLANG_ENABLE_OBJC_ARC = YES;
				CLANG_ENABLE_OBJC_WEAK = YES;
				CLANG_WARN_BLOCK_CAPTURE_AUTORELEASING = YES;
				CLANG_WARN_BOOL_CONVERSION = YES;
				CLANG_WARN_COMMA = YES;
				CLANG_WARN_CONSTANT_CONVERSION = YES;
				CLANG_WARN_DEPRECATED_OBJC_IMPLEMENTATIONS = YES;
				CLANG_WARN_DIRECT_OBJC_ISA_USAGE = YES_ERROR;
				CLANG_WARN_DOCUMENTATION_COMMENTS = YES;
				CLANG_WARN_EMPTY_BODY = YES;
				CLANG_WARN_ENUM_CONVERSION = YES;
				CLANG_WARN_INFINITE_RECURSION = YES;
				CLANG_WARN_INT_CONVERSION = YES;
				CLANG_WARN_NON_LITERAL_NULL_CONVERSION = YES;
				CLANG_WARN_OBJC_IMPLICIT_RETAIN_SELF = YES;
				CLANG_WARN_OBJC_LITERAL_CONVERSION = YES;
				CLANG_WARN_OBJC_ROOT_CLASS = YES_ERROR;
				CLANG_WARN_QUOTED_INCLUDE_IN_FRAMEWORK_HEADER = YES;
				CLANG_WARN_RANGE_LOOP_ANALYSIS = YES;
				CLANG_WARN_STRICT_PROTOTYPES = YES;
				CLANG_WARN_SUSPICIOUS_MOVE = YES;
				CLANG_WARN_UNGUARDED_AVAILABILITY = YES_AGGRESSIVE;
				CLANG_WARN_UNREACHABLE_CODE = YES;
				CLANG_WARN__DUPLICATE_METHOD_MATCH = YES;
				COPY_PHASE_STRIP = NO;
				DEBUG_INFORMATION_FORMAT = "dwarf-with-dsym";
				ENABLE_NS_ASSERTIONS = NO;
				ENABLE_STRICT_OBJC_MSGSEND = YES;
				ENABLE_USER_SCRIPT_SANDBOXING = YES;
				GCC_C_LANGUAGE_STANDARD = gnu17;
				GCC_NO_COMMON_BLOCKS = YES;
				GCC_WARN_64_TO_32_BIT_CONVERSION = YES;
				GCC_WARN_ABOUT_RETURN_TYPE = YES_ERROR;
				GCC_WARN_UNDECLARED_SELECTOR = YES;
				GCC_WARN_UNINITIALIZED_AUTOS = YES_AGGRESSIVE;
				GCC_WARN_UNUSED_FUNCTION = YES;
				GCC_WARN_UNUSED_VARIABLE = YES;
				LOCALIZATION_PREFERS_STRING_CATALOGS = YES;
				MACOSX_DEPLOYMENT_TARGET = 15.2;
				MTL_ENABLE_DEBUG_INFO = NO;
				MTL_FAST_MATH = YES;
				SDKROOT = macosx;
				SWIFT_COMPILATION_MODE = wholemodule;
			};
			name = Release;
		};
		1CA75D512EA6D3A500264ED0 /* Debug */ = {
			isa = XCBuildConfiguration;
			buildSettings = {
				ASSETCATALOG_COMPILER_APPICON_NAME = AppIcon;
				ASSETCATALOG_COMPILER_GLOBAL_ACCENT_COLOR_NAME = AccentColor;
				CODE_SIGN_ENTITLEMENTS = "learnit-deck/learnit_deck.entitlements";
				CODE_SIGN_STYLE = Automatic;
				COMBINE_HIDPI_IMAGES = YES;
				CURRENT_PROJECT_VERSION = 1;
				DEVELOPMENT_ASSET_PATHS = "\"learnit-deck/Preview Content\"";
				DEVELOPMENT_TEAM = 373872LWB5;
				ENABLE_HARDENED_RUNTIME = YES;
				ENABLE_PREVIEWS = YES;
				GENERATE_INFOPLIST_FILE = YES;
				INFOPLIST_KEY_NSHumanReadableCopyright = "";
				LD_RUNPATH_SEARCH_PATHS = (
					"$(inherited)",
					"@executable_path/../Frameworks",
				);
				MACOSX_DEPLOYMENT_TARGET = 14.0;
				MARKETING_VERSION = 1.0;
				PRODUCT_BUNDLE_IDENTIFIER = "learnit.learnit-deck";
				PRODUCT_NAME = "$(TARGET_NAME)";
				SWIFT_EMIT_LOC_STRINGS = YES;
				SWIFT_VERSION = 5.0;
			};
			name = Debug;
		};
		1CA75D522EA6D3A500264ED0 /* Release */ = {
			isa = XCBuildConfiguration;
			buildSettings = {
				ASSETCATALOG_COMPILER_APPICON_NAME = AppIcon;
				ASSETCATALOG_COMPILER_GLOBAL_ACCENT_COLOR_NAME = AccentColor;
				CODE_SIGN_ENTITLEMENTS = "learnit-deck/learnit_deck.entitlements";
				CODE_SIGN_STYLE = Automatic;
				COMBINE_HIDPI_IMAGES = YES;
				CURRENT_PROJECT_VERSION = 1;
				DEVELOPMENT_ASSET_PATHS = "\"learnit-deck/Preview Content\"";
				DEVELOPMENT_TEAM = 373872LWB5;
				ENABLE_HARDENED_RUNTIME = YES;
				ENABLE_PREVIEWS = YES;
				GENERATE_INFOPLIST_FILE = YES;
				INFOPLIST_KEY_NSHumanReadableCopyright = "";
				LD_RUNPATH_SEARCH_PATHS = (
					"$(inherited)",
					"@executable_path/../Frameworks",
				);
				MACOSX_DEPLOYMENT_TARGET = 14.0;
				MARKETING_VERSION = 1.0;
				PRODUCT_BUNDLE_IDENTIFIER = "learnit.learnit-deck";
				PRODUCT_NAME = "$(TARGET_NAME)";
				SWIFT_EMIT_LOC_STRINGS = YES;
				SWIFT_VERSION = 5.0;
			};
			name = Release;
		};
		1CA75D542EA6D3A500264ED0 /* Debug */ = {
			isa = XCBuildConfiguration;
			buildSettings = {
				BUNDLE_LOADER = "$(TEST_HOST)";
				CODE_SIGN_STYLE = Automatic;
				CURRENT_PROJECT_VERSION = 1;
				DEVELOPMENT_TEAM = 373872LWB5;
				GENERATE_INFOPLIST_FILE = YES;
				MACOSX_DEPLOYMENT_TARGET = 14.0;
				MARKETING_VERSION = 1.0;
				PRODUCT_BUNDLE_IDENTIFIER = "learnit.learnit-deckTests";
				PRODUCT_NAME = "$(TARGET_NAME)";
				SWIFT_EMIT_LOC_STRINGS = NO;
				SWIFT_VERSION = 5.0;
				TEST_HOST = "$(BUILT_PRODUCTS_DIR)/learnit-deck.app/$(BUNDLE_EXECUTABLE_FOLDER_PATH)/learnit-deck";
			};
			name = Debug;
		};
		1CA75D552EA6D3A500264ED0 /* Release */ = {
			isa = XCBuildConfiguration;
			buildSettings = {
				BUNDLE_LOADER = "$(TEST_HOST)";
				CODE_SIGN_STYLE = Automatic;
				CURRENT_PROJECT_VERSION = 1;
				DEVELOPMENT_TEAM = 373872LWB5;
				GENERATE_INFOPLIST_FILE = YES;
				MACOSX_DEPLOYMENT_TARGET = 14.0;
				MARKETING_VERSION = 1.0;
				PRODUCT_BUNDLE_IDENTIFIER = "learnit.learnit-deckTests";
				PRODUCT_NAME = "$(TARGET_NAME)";
				SWIFT_EMIT_LOC_STRINGS = NO;
				SWIFT_VERSION = 5.0;
				TEST_HOST = "$(BUILT_PRODUCTS_DIR)/learnit-deck.app/$(BUNDLE_EXECUTABLE_FOLDER_PATH)/learnit-deck";
			};
			name = Release;
		};
		1CA75D572EA6D3A500264ED0 /* Debug */ = {
			isa = XCBuildConfiguration;
			buildSettings = {
				CODE_SIGN_STYLE = Automatic;
				CURRENT_PROJECT_VERSION = 1;
				DEVELOPMENT_TEAM = 373872LWB5;
				GENERATE_INFOPLIST_FILE = YES;
				MARKETING_VERSION = 1.0;
				PRODUCT_BUNDLE_IDENTIFIER = "learnit.learnit-deckUITests";
				PRODUCT_NAME = "$(TARGET_NAME)";
				SWIFT_EMIT_LOC_STRINGS = NO;
				SWIFT_VERSION = 5.0;
				TEST_TARGET_NAME = "learnit-deck";
			};
			name = Debug;
		};
		1CA75D582EA6D3A500264ED0 /* Release */ = {
			isa = XCBuildConfiguration;
			buildSettings = {
				CODE_SIGN_STYLE = Automatic;
				CURRENT_PROJECT_VERSION = 1;
				DEVELOPMENT_TEAM = 373872LWB5;
				GENERATE_INFOPLIST_FILE = YES;
				MARKETING_VERSION = 1.0;
				PRODUCT_BUNDLE_IDENTIFIER = "learnit.learnit-deckUITests";
				PRODUCT_NAME = "$(TARGET_NAME)";
				SWIFT_EMIT_LOC_STRINGS = NO;
				SWIFT_VERSION = 5.0;
				TEST_TARGET_NAME = "learnit-deck";
			};
			name = Release;
		};
/* End XCBuildConfiguration section */

/* Begin XCConfigurationList section */
		1CA75D242EA6D3A400264ED0 /* Build configuration list for PBXProject "learnit-deck" */ = {
			isa = XCConfigurationList;
			buildConfigurations = (
				1CA75D4E2EA6D3A500264ED0 /* Debug */,
				1CA75D4F2EA6D3A500264ED0 /* Release */,
			);
			defaultConfigurationIsVisible = 0;
			defaultConfigurationName = Release;
		};
		1CA75D502EA6D3A500264ED0 /* Build configuration list for PBXNativeTarget "learnit-deck" */ = {
			isa = XCConfigurationList;
			buildConfigurations = (
				1CA75D512EA6D3A500264ED0 /* Debug */,
				1CA75D522EA6D3A500264ED0 /* Release */,
			);
			defaultConfigurationIsVisible = 0;
			defaultConfigurationName = Release;
		};
		1CA75D532EA6D3A500264ED0 /* Build configuration list for PBXNativeTarget "learnit-deckTests" */ = {
			isa = XCConfigurationList;
			buildConfigurations = (
				1CA75D542EA6D3A500264ED0 /* Debug */,
				1CA75D552EA6D3A500264ED0 /* Release */,
			);
			defaultConfigurationIsVisible = 0;
			defaultConfigurationName = Release;
		};
		1CA75D562EA6D3A500264ED0 /* Build configuration list for PBXNativeTarget "learnit-deckUITests" */ = {
			isa = XCConfigurationList;
			buildConfigurations = (
				1CA75D572EA6D3A500264ED0 /* Debug */,
				1CA75D582EA6D3A500264ED0 /* Release */,
			);
			defaultConfigurationIsVisible = 0;
			defaultConfigurationName = Release;
		};
/* End XCConfigurationList section */
	};
	rootObject = 1CA75D212EA6D3A400264ED0 /* Project object */;
}
